{
  "name": "apca-compliance-figma",
  "version": "1.0.0",
  "lockfileVersion": 3,
  "requires": true,
  "packages": {
    "": {
      "name": "apca-compliance-figma",
      "version": "1.0.0",
      "license": "MIT",
      "dependencies": {
        "apca-w3": "^0.0.98g-4g"
      }
    },
    "node_modules/apca-w3": {
      "version": "0.0.98-g-4g-w3",
      "resolved": "https://registry.npmjs.org/apca-w3/-/apca-w3-0.0.98-g-4g-w3.tgz",
      "integrity": "sha512-zmtuI+2/RntUmt9WyN6Ah6Lxl1QScbheRbxCfy9grsxSrAHfDPWKbphkpCKqvgTmcBPSead1TXVg00FzBN1AiQ==",
      "deprecated": "Please use 0.1.1 or later—adobeRGB, displayP3, and ALPHAnpm deprecate colorparsley@0.1.0 Please",
      "license": "W3 License"
    }
  }
}
